// !$*UTF8*$!
{
	archiveVersion = 1;
	classes = {
	};
	objectVersion = 56;
	objects = {

/* Begin PBXBuildFile section */
		4536F2472C6A5BED00E20A2B /* DetailDayViewController.swift in Sources */ = {isa = PBXBuildFile; fileRef = 4536F2462C6A5BED00E20A2B /* DetailDayViewController.swift */; };
		4536F2492C6A5BF900E20A2B /* DateCollectionViewCell.swift in Sources */ = {isa = PBXBuildFile; fileRef = 4536F2482C6A5BF900E20A2B /* DateCollectionViewCell.swift */; };
		4536F24B2C6A5C0600E20A2B /* WeaterDetailCollectionViewCell.swift in Sources */ = {isa = PBXBuildFile; fileRef = 4536F24A2C6A5C0600E20A2B /* WeaterDetailCollectionViewCell.swift */; };
		4536F24D2C6A5C1000E20A2B /* DetailDaySectionHeaderView.swift in Sources */ = {isa = PBXBuildFile; fileRef = 4536F24C2C6A5C1000E20A2B /* DetailDaySectionHeaderView.swift */; };
		4536F2512C6B2D8100E20A2B /* NetworkManager.swift in Sources */ = {isa = PBXBuildFile; fileRef = 4536F2502C6B2D8100E20A2B /* NetworkManager.swift */; };
		455119B12C425F9900005272 /* AppDelegate.swift in Sources */ = {isa = PBXBuildFile; fileRef = 455119B02C425F9900005272 /* AppDelegate.swift */; };
		455119BA2C425F9A00005272 /* Assets.xcassets in Resources */ = {isa = PBXBuildFile; fileRef = 455119B92C425F9A00005272 /* Assets.xcassets */; };
		455119BD2C425F9A00005272 /* Base in Resources */ = {isa = PBXBuildFile; fileRef = 455119BC2C425F9A00005272 /* Base */; };
		455119C62C42606500005272 /* SnapKit in Frameworks */ = {isa = PBXBuildFile; productRef = 455119C52C42606500005272 /* SnapKit */; };
		455119C92C42607400005272 /* Alamofire in Frameworks */ = {isa = PBXBuildFile; productRef = 455119C82C42607400005272 /* Alamofire */; };
/* End PBXBuildFile section */

/* Begin PBXFileReference section */
		4536F2462C6A5BED00E20A2B /* DetailDayViewController.swift */ = {isa = PBXFileReference; lastKnownFileType = sourcecode.swift; path = DetailDayViewController.swift; sourceTree = "<group>"; };
		4536F2482C6A5BF900E20A2B /* DateCollectionViewCell.swift */ = {isa = PBXFileReference; lastKnownFileType = sourcecode.swift; path = DateCollectionViewCell.swift; sourceTree = "<group>"; };
		4536F24A2C6A5C0600E20A2B /* WeaterDetailCollectionViewCell.swift */ = {isa = PBXFileReference; lastKnownFileType = sourcecode.swift; path = WeaterDetailCollectionViewCell.swift; sourceTree = "<group>"; };
		4536F24C2C6A5C1000E20A2B /* DetailDaySectionHeaderView.swift */ = {isa = PBXFileReference; lastKnownFileType = sourcecode.swift; path = DetailDaySectionHeaderView.swift; sourceTree = "<group>"; };
		4536F2502C6B2D8100E20A2B /* NetworkManager.swift */ = {isa = PBXFileReference; lastKnownFileType = sourcecode.swift; path = NetworkManager.swift; sourceTree = "<group>"; };
		455119AD2C425F9900005272 /* WeatherApp.app */ = {isa = PBXFileReference; explicitFileType = wrapper.application; includeInIndex = 0; path = WeatherApp.app; sourceTree = BUILT_PRODUCTS_DIR; };
		455119B02C425F9900005272 /* AppDelegate.swift */ = {isa = PBXFileReference; lastKnownFileType = sourcecode.swift; path = AppDelegate.swift; sourceTree = "<group>"; };
		455119B92C425F9A00005272 /* Assets.xcassets */ = {isa = PBXFileReference; lastKnownFileType = folder.assetcatalog; path = Assets.xcassets; sourceTree = "<group>"; };
		455119BC2C425F9A00005272 /* Base */ = {isa = PBXFileReference; lastKnownFileType = file.storyboard; name = Base; path = Base.lproj/LaunchScreen.storyboard; sourceTree = "<group>"; };
		455119BE2C425F9A00005272 /* Info.plist */ = {isa = PBXFileReference; lastKnownFileType = text.plist.xml; path = Info.plist; sourceTree = "<group>"; };
/* End PBXFileReference section */

/* Begin PBXFrameworksBuildPhase section */
		455119AA2C425F9900005272 /* Frameworks */ = {
			isa = PBXFrameworksBuildPhase;
			buildActionMask = 2147483647;
			files = (
				455119C62C42606500005272 /* SnapKit in Frameworks */,
				455119C92C42607400005272 /* Alamofire in Frameworks */,
			);
			runOnlyForDeploymentPostprocessing = 0;
		};
/* End PBXFrameworksBuildPhase section */

/* Begin PBXGroup section */
		4536F2522C6B317800E20A2B /* DetailDayView */ = {
			isa = PBXGroup;
			children = (
				4536F2462C6A5BED00E20A2B /* DetailDayViewController.swift */,
				4536F2482C6A5BF900E20A2B /* DateCollectionViewCell.swift */,
				4536F24A2C6A5C0600E20A2B /* WeaterDetailCollectionViewCell.swift */,
				4536F24C2C6A5C1000E20A2B /* DetailDaySectionHeaderView.swift */,
			);
			path = DetailDayView;
			sourceTree = "<group>";
		};
		4536F2532C6B31AE00E20A2B /* model */ = {
			isa = PBXGroup;
			children = (
				4536F2502C6B2D8100E20A2B /* NetworkManager.swift */,
			);
			path = model;
			sourceTree = "<group>";
		};
		455119A42C425F9900005272 = {
			isa = PBXGroup;
			children = (
				455119AF2C425F9900005272 /* WeatherApp */,
				455119AE2C425F9900005272 /* Products */,
			);
			sourceTree = "<group>";
		};
		455119AE2C425F9900005272 /* Products */ = {
			isa = PBXGroup;
			children = (
				455119AD2C425F9900005272 /* WeatherApp.app */,
			);
			name = Products;
			sourceTree = "<group>";
		};
		455119AF2C425F9900005272 /* WeatherApp */ = {
			isa = PBXGroup;
			children = (
				455119B02C425F9900005272 /* AppDelegate.swift */,
				455119B92C425F9A00005272 /* Assets.xcassets */,
				455119BB2C425F9A00005272 /* LaunchScreen.storyboard */,
				455119BE2C425F9A00005272 /* Info.plist */,
				4536F2522C6B317800E20A2B /* DetailDayView */,
				4536F2532C6B31AE00E20A2B /* model */,
			);
			path = WeatherApp;
			sourceTree = "<group>";
		};
/* End PBXGroup section */

/* Begin PBXNativeTarget section */
		455119AC2C425F9900005272 /* WeatherApp */ = {
			isa = PBXNativeTarget;
			buildConfigurationList = 455119C12C425F9A00005272 /* Build configuration list for PBXNativeTarget "WeatherApp" */;
			buildPhases = (
				455119A92C425F9900005272 /* Sources */,
				455119AA2C425F9900005272 /* Frameworks */,
				455119AB2C425F9900005272 /* Resources */,
			);
			buildRules = (
			);
			dependencies = (
			);
			name = WeatherApp;
			packageProductDependencies = (
				455119C52C42606500005272 /* SnapKit */,
				455119C82C42607400005272 /* Alamofire */,
			);
			productName = WeatherApp;
			productReference = 455119AD2C425F9900005272 /* WeatherApp.app */;
			productType = "com.apple.product-type.application";
		};
/* End PBXNativeTarget section */

/* Begin PBXProject section */
		455119A52C425F9900005272 /* Project object */ = {
			isa = PBXProject;
			attributes = {
				BuildIndependentTargetsInParallel = 1;
				LastSwiftUpdateCheck = 1540;
				LastUpgradeCheck = 1540;
				TargetAttributes = {
					455119AC2C425F9900005272 = {
						CreatedOnToolsVersion = 15.4;
					};
				};
			};
			buildConfigurationList = 455119A82C425F9900005272 /* Build configuration list for PBXProject "WeatherApp" */;
			compatibilityVersion = "Xcode 14.0";
			developmentRegion = en;
			hasScannedForEncodings = 0;
			knownRegions = (
				en,
				Base,
			);
			mainGroup = 455119A42C425F9900005272;
			packageReferences = (
				455119C42C42606400005272 /* XCRemoteSwiftPackageReference "SnapKit" */,
				455119C72C42607400005272 /* XCRemoteSwiftPackageReference "Alamofire" */,
			);
			productRefGroup = 455119AE2C425F9900005272 /* Products */;
			projectDirPath = "";
			projectRoot = "";
			targets = (
				455119AC2C425F9900005272 /* WeatherApp */,
			);
		};
/* End PBXProject section */

/* Begin PBXResourcesBuildPhase section */
		455119AB2C425F9900005272 /* Resources */ = {
			isa = PBXResourcesBuildPhase;
			buildActionMask = 2147483647;
			files = (
				455119BA2C425F9A00005272 /* Assets.xcassets in Resources */,
				455119BD2C425F9A00005272 /* Base in Resources */,
			);
			runOnlyForDeploymentPostprocessing = 0;
		};
/* End PBXResourcesBuildPhase section */

/* Begin PBXSourcesBuildPhase section */
		455119A92C425F9900005272 /* Sources */ = {
			isa = PBXSourcesBuildPhase;
			buildActionMask = 2147483647;
			files = (
				4536F2512C6B2D8100E20A2B /* NetworkManager.swift in Sources */,
				4536F2492C6A5BF900E20A2B /* DateCollectionViewCell.swift in Sources */,
				4536F24D2C6A5C1000E20A2B /* DetailDaySectionHeaderView.swift in Sources */,
				455119B12C425F9900005272 /* AppDelegate.swift in Sources */,
				4536F24B2C6A5C0600E20A2B /* WeaterDetailCollectionViewCell.swift in Sources */,
				4536F2472C6A5BED00E20A2B /* DetailDayViewController.swift in Sources */,
			);
			runOnlyForDeploymentPostprocessing = 0;
		};
/* End PBXSourcesBuildPhase section */

/* Begin PBXVariantGroup section */
		455119BB2C425F9A00005272 /* LaunchScreen.storyboard */ = {
			isa = PBXVariantGroup;
			children = (
				455119BC2C425F9A00005272 /* Base */,
			);
			name = LaunchScreen.storyboard;
			sourceTree = "<group>";
		};
/* End PBXVariantGroup section */

/* Begin XCBuildConfiguration section */
		455119BF2C425F9A00005272 /* Debug */ = {
			isa = XCBuildConfiguration;
			buildSettings = {
				ALWAYS_SEARCH_USER_PATHS = NO;
				ASSETCATALOG_COMPILER_GENERATE_SWIFT_ASSET_SYMBOL_EXTENSIONS = YES;
				CLANG_ANALYZER_NONNULL = YES;
				CLANG_ANALYZER_NUMBER_OBJECT_CONVERSION = YES_AGGRESSIVE;
				CLANG_CXX_LANGUAGE_STANDARD = "gnu++20";
				CLANG_ENABLE_MODULES = YES;
				CLANG_ENABLE_OBJC_ARC = YES;
				CLANG_ENABLE_OBJC_WEAK = YES;
				CLANG_WARN_BLOCK_CAPTURE_AUTORELEASING = YES;
				CLANG_WARN_BOOL_CONVERSION = YES;
				CLANG_WARN_COMMA = YES;
				CLANG_WARN_CONSTANT_CONVERSION = YES;
				CLANG_WARN_DEPRECATED_OBJC_IMPLEMENTATIONS = YES;
				CLANG_WARN_DIRECT_OBJC_ISA_USAGE = YES_ERROR;
				CLANG_WARN_DOCUMENTATION_COMMENTS = YES;
				CLANG_WARN_EMPTY_BODY = YES;
				CLANG_WARN_ENUM_CONVERSION = YES;
				CLANG_WARN_INFINITE_RECURSION = YES;
				CLANG_WARN_INT_CONVERSION = YES;
				CLANG_WARN_NON_LITERAL_NULL_CONVERSION = YES;
				CLANG_WARN_OBJC_IMPLICIT_RETAIN_SELF = YES;
				CLANG_WARN_OBJC_LITERAL_CONVERSION = YES;
				CLANG_WARN_OBJC_ROOT_CLASS = YES_ERROR;
				CLANG_WARN_QUOTED_INCLUDE_IN_FRAMEWORK_HEADER = YES;
				CLANG_WARN_RANGE_LOOP_ANALYSIS = YES;
				CLANG_WARN_STRICT_PROTOTYPES = YES;
				CLANG_WARN_SUSPICIOUS_MOVE = YES;
				CLANG_WARN_UNGUARDED_AVAILABILITY = YES_AGGRESSIVE;
				CLANG_WARN_UNREACHABLE_CODE = YES;
				CLANG_WARN__DUPLICATE_METHOD_MATCH = YES;
				COPY_PHASE_STRIP = NO;
				DEBUG_INFORMATION_FORMAT = dwarf;
				ENABLE_STRICT_OBJC_MSGSEND = YES;
				ENABLE_TESTABILITY = YES;
				ENABLE_USER_SCRIPT_SANDBOXING = YES;
				GCC_C_LANGUAGE_STANDARD = gnu17;
				GCC_DYNAMIC_NO_PIC = NO;
				GCC_NO_COMMON_BLOCKS = YES;
				GCC_OPTIMIZATION_LEVEL = 0;
				GCC_PREPROCESSOR_DEFINITIONS = (
					"DEBUG=1",
					"$(inherited)",
				);
				GCC_WARN_64_TO_32_BIT_CONVERSION = YES;
				GCC_WARN_ABOUT_RETURN_TYPE = YES_ERROR;
				GCC_WARN_UNDECLARED_SELECTOR = YES;
				GCC_WARN_UNINITIALIZED_AUTOS = YES_AGGRESSIVE;
				GCC_WARN_UNUSED_FUNCTION = YES;
				GCC_WARN_UNUSED_VARIABLE = YES;
				IPHONEOS_DEPLOYMENT_TARGET = 17.5;
				LOCALIZATION_PREFERS_STRING_CATALOGS = YES;
				MTL_ENABLE_DEBUG_INFO = INCLUDE_SOURCE;
				MTL_FAST_MATH = YES;
				ONLY_ACTIVE_ARCH = YES;
				SDKROOT = iphoneos;
				SWIFT_ACTIVE_COMPILATION_CONDITIONS = "DEBUG $(inherited)";
				SWIFT_OPTIMIZATION_LEVEL = "-Onone";
			};
			name = Debug;
		};
		455119C02C425F9A00005272 /* Release */ = {
			isa = XCBuildConfiguration;
			buildSettings = {
				ALWAYS_SEARCH_USER_PATHS = NO;
				ASSETCATALOG_COMPILER_GENERATE_SWIFT_ASSET_SYMBOL_EXTENSIONS = YES;
				CLANG_ANALYZER_NONNULL = YES;
				CLANG_ANALYZER_NUMBER_OBJECT_CONVERSION = YES_AGGRESSIVE;
				CLANG_CXX_LANGUAGE_STANDARD = "gnu++20";
				CLANG_ENABLE_MODULES = YES;
				CLANG_ENABLE_OBJC_ARC = YES;
				CLANG_ENABLE_OBJC_WEAK = YES;
				CLANG_WARN_BLOCK_CAPTURE_AUTORELEASING = YES;
				CLANG_WARN_BOOL_CONVERSION = YES;
				CLANG_WARN_COMMA = YES;
				CLANG_WARN_CONSTANT_CONVERSION = YES;
				CLANG_WARN_DEPRECATED_OBJC_IMPLEMENTATIONS = YES;
				CLANG_WARN_DIRECT_OBJC_ISA_USAGE = YES_ERROR;
				CLANG_WARN_DOCUMENTATION_COMMENTS = YES;
				CLANG_WARN_EMPTY_BODY = YES;
				CLANG_WARN_ENUM_CONVERSION = YES;
				CLANG_WARN_INFINITE_RECURSION = YES;
				CLANG_WARN_INT_CONVERSION = YES;
				CLANG_WARN_NON_LITERAL_NULL_CONVERSION = YES;
				CLANG_WARN_OBJC_IMPLICIT_RETAIN_SELF = YES;
				CLANG_WARN_OBJC_LITERAL_CONVERSION = YES;
				CLANG_WARN_OBJC_ROOT_CLASS = YES_ERROR;
				CLANG_WARN_QUOTED_INCLUDE_IN_FRAMEWORK_HEADER = YES;
				CLANG_WARN_RANGE_LOOP_ANALYSIS = YES;
				CLANG_WARN_STRICT_PROTOTYPES = YES;
				CLANG_WARN_SUSPICIOUS_MOVE = YES;
				CLANG_WARN_UNGUARDED_AVAILABILITY = YES_AGGRESSIVE;
				CLANG_WARN_UNREACHABLE_CODE = YES;
				CLANG_WARN__DUPLICATE_METHOD_MATCH = YES;
				COPY_PHASE_STRIP = NO;
				DEBUG_INFORMATION_FORMAT = "dwarf-with-dsym";
				ENABLE_NS_ASSERTIONS = NO;
				ENABLE_STRICT_OBJC_MSGSEND = YES;
				ENABLE_USER_SCRIPT_SANDBOXING = YES;
				GCC_C_LANGUAGE_STANDARD = gnu17;
				GCC_NO_COMMON_BLOCKS = YES;
				GCC_WARN_64_TO_32_BIT_CONVERSION = YES;
				GCC_WARN_ABOUT_RETURN_TYPE = YES_ERROR;
				GCC_WARN_UNDECLARED_SELECTOR = YES;
				GCC_WARN_UNINITIALIZED_AUTOS = YES_AGGRESSIVE;
				GCC_WARN_UNUSED_FUNCTION = YES;
				GCC_WARN_UNUSED_VARIABLE = YES;
				IPHONEOS_DEPLOYMENT_TARGET = 17.5;
				LOCALIZATION_PREFERS_STRING_CATALOGS = YES;
				MTL_ENABLE_DEBUG_INFO = NO;
				MTL_FAST_MATH = YES;
				SDKROOT = iphoneos;
				SWIFT_COMPILATION_MODE = wholemodule;
				VALIDATE_PRODUCT = YES;
			};
			name = Release;
		};
		455119C22C425F9A00005272 /* Debug */ = {
			isa = XCBuildConfiguration;
			buildSettings = {
				ASSETCATALOG_COMPILER_APPICON_NAME = AppIcon;
				ASSETCATALOG_COMPILER_GLOBAL_ACCENT_COLOR_NAME = AccentColor;
				CODE_SIGN_STYLE = Automatic;
				CURRENT_PROJECT_VERSION = 1;
				GENERATE_INFOPLIST_FILE = YES;
				INFOPLIST_FILE = WeatherApp/Info.plist;
				INFOPLIST_KEY_UIApplicationSupportsIndirectInputEvents = YES;
				INFOPLIST_KEY_UILaunchStoryboardName = LaunchScreen;
				INFOPLIST_KEY_UISupportedInterfaceOrientations_iPad = "UIInterfaceOrientationPortrait UIInterfaceOrientationPortraitUpsideDown UIInterfaceOrientationLandscapeLeft UIInterfaceOrientationLandscapeRight";
				INFOPLIST_KEY_UISupportedInterfaceOrientations_iPhone = "UIInterfaceOrientationPortrait UIInterfaceOrientationLandscapeLeft UIInterfaceOrientationLandscapeRight";
				IPHONEOS_DEPLOYMENT_TARGET = 15.5;
				LD_RUNPATH_SEARCH_PATHS = (
					"$(inherited)",
					"@executable_path/Frameworks",
				);
				MARKETING_VERSION = 1.0;
				PRODUCT_BUNDLE_IDENTIFIER = com.noah.WeatherApp;
				PRODUCT_NAME = "$(TARGET_NAME)";
				SWIFT_EMIT_LOC_STRINGS = YES;
				SWIFT_VERSION = 5.0;
				TARGETED_DEVICE_FAMILY = "1,2";
			};
			name = Debug;
		};
		455119C32C425F9A00005272 /* Release */ = {
			isa = XCBuildConfiguration;
			buildSettings = {
				ASSETCATALOG_COMPILER_APPICON_NAME = AppIcon;
				ASSETCATALOG_COMPILER_GLOBAL_ACCENT_COLOR_NAME = AccentColor;
				CODE_SIGN_STYLE = Automatic;
				CURRENT_PROJECT_VERSION = 1;
				GENERATE_INFOPLIST_FILE = YES;
				INFOPLIST_FILE = WeatherApp/Info.plist;
				INFOPLIST_KEY_UIApplicationSupportsIndirectInputEvents = YES;
				INFOPLIST_KEY_UILaunchStoryboardName = LaunchScreen;
				INFOPLIST_KEY_UISupportedInterfaceOrientations_iPad = "UIInterfaceOrientationPortrait UIInterfaceOrientationPortraitUpsideDown UIInterfaceOrientationLandscapeLeft UIInterfaceOrientationLandscapeRight";
				INFOPLIST_KEY_UISupportedInterfaceOrientations_iPhone = "UIInterfaceOrientationPortrait UIInterfaceOrientationLandscapeLeft UIInterfaceOrientationLandscapeRight";
				IPHONEOS_DEPLOYMENT_TARGET = 15.5;
				LD_RUNPATH_SEARCH_PATHS = (
					"$(inherited)",
					"@executable_path/Frameworks",
				);
				MARKETING_VERSION = 1.0;
				PRODUCT_BUNDLE_IDENTIFIER = com.noah.WeatherApp;
				PRODUCT_NAME = "$(TARGET_NAME)";
				SWIFT_EMIT_LOC_STRINGS = YES;
				SWIFT_VERSION = 5.0;
				TARGETED_DEVICE_FAMILY = "1,2";
			};
			name = Release;
		};
/* End XCBuildConfiguration section */

/* Begin XCConfigurationList section */
		455119A82C425F9900005272 /* Build configuration list for PBXProject "WeatherApp" */ = {
			isa = XCConfigurationList;
			buildConfigurations = (
				455119BF2C425F9A00005272 /* Debug */,
				455119C02C425F9A00005272 /* Release */,
			);
			defaultConfigurationIsVisible = 0;
			defaultConfigurationName = Release;
		};
		455119C12C425F9A00005272 /* Build configuration list for PBXNativeTarget "WeatherApp" */ = {
			isa = XCConfigurationList;
			buildConfigurations = (
				455119C22C425F9A00005272 /* Debug */,
				455119C32C425F9A00005272 /* Release */,
			);
			defaultConfigurationIsVisible = 0;
			defaultConfigurationName = Release;
		};
/* End XCConfigurationList section */

/* Begin XCRemoteSwiftPackageReference section */
		455119C42C42606400005272 /* XCRemoteSwiftPackageReference "SnapKit" */ = {
			isa = XCRemoteSwiftPackageReference;
			repositoryURL = "https://github.com/SnapKit/SnapKit.git";
			requirement = {
				kind = upToNextMajorVersion;
				minimumVersion = 5.7.1;
			};
		};
		455119C72C42607400005272 /* XCRemoteSwiftPackageReference "Alamofire" */ = {
			isa = XCRemoteSwiftPackageReference;
			repositoryURL = "https://github.com/Alamofire/Alamofire.git";
			requirement = {
				kind = upToNextMajorVersion;
				minimumVersion = 5.9.1;
			};
		};
/* End XCRemoteSwiftPackageReference section */

/* Begin XCSwiftPackageProductDependency section */
		455119C52C42606500005272 /* SnapKit */ = {
			isa = XCSwiftPackageProductDependency;
			package = 455119C42C42606400005272 /* XCRemoteSwiftPackageReference "SnapKit" */;
			productName = SnapKit;
		};
		455119C82C42607400005272 /* Alamofire */ = {
			isa = XCSwiftPackageProductDependency;
			package = 455119C72C42607400005272 /* XCRemoteSwiftPackageReference "Alamofire" */;
			productName = Alamofire;
		};
/* End XCSwiftPackageProductDependency section */
	};
	rootObject = 455119A52C425F9900005272 /* Project object */;
}
